
Microsoft Visual Studio Solution File, Format Version 12.00
# Visual Studio 2013
VisualStudioVersion = 12.0.31101.0
MinimumVisualStudioVersion = 10.0.40219.1
Project("{8BC9CEB8-8B4A-11D0-8D11-00A0C91BC942}") = "src", "src\src.vcxproj", "{0E9CD0BE-91E6-4555-8A40-C19F10DE716B}"
EndProject
Project("{8BC9CEB8-8B4A-11D0-8D11-00A0C91BC942}") = "test", "test\test.vcxproj", "{9E7B041C-0C7C-4091-8BD6-111CA9B5DAB6}"
EndProject
Global
	GlobalSection(SolutionConfigurationPlatforms) = preSolution
		Debug|Win32 = Debug|Win32
		Release|Win32 = Release|Win32
	EndGlobalSection
	GlobalSection(ProjectConfigurationPlatforms) = postSolution
		{0E9CD0BE-91E6-4555-8A40-C19F10DE716B}.Debug|Win32.ActiveCfg = Debug|Win32
		{0E9CD0BE-91E6-4555-8A40-C19F10DE716B}.Debug|Win32.Build.0 = Debug|Win32
		{0E9CD0BE-91E6-4555-8A40-C19F10DE716B}.Release|Win32.ActiveCfg = Release|Win32
		{0E9CD0BE-91E6-4555-8A40-C19F10DE716B}.Release|Win32.Build.0 = Release|Win32
		{9E7B041C-0C7C-4091-8BD6-111CA9B5DAB6}.Debug|Win32.ActiveCfg = Debug|Win32
		{9E7B041C-0C7C-4091-8BD6-111CA9B5DAB6}.Debug|Win32.Build.0 = Debug|Win32
		{9E7B041C-0C7C-4091-8BD6-111CA9B5DAB6}.Release|Win32.ActiveCfg = Release|Win32
		{9E7B041C-0C7C-4091-8BD6-111CA9B5DAB6}.Release|Win32.Build.0 = Release|Win32
	EndGlobalSection
	GlobalSection(SolutionProperties) = preSolution
		HideSolutionNode = FALSE
	EndGlobalSection
EndGlobal
